
Microsoft Visual Studio Solution File, Format Version 12.00
# Visual Studio Version 17
VisualStudioVersion = 17.4.33110.190
MinimumVisualStudioVersion = 10.0.40219.1
Project("{FAE04EC0-301F-11D3-BF4B-00C04F79EFBC}") = "ReadCrows.Core", "ReadCrows.Core\ReadCrows.Core.csproj", "{EC95B66D-D317-44FD-A773-9C3A6CAD84A8}"
EndProject
Project("{FAE04EC0-301F-11D3-BF4B-00C04F79EFBC}") = "ReadCrows.Infraestructure", "ReadCrows.Infraestructure\ReadCrows.Infraestructure.csproj", "{0D7C801F-7152-45C4-BEBA-F337A05A02EC}"
EndProject
Project("{FAE04EC0-301F-11D3-BF4B-00C04F79EFBC}") = "ReadCrows.Usuario.Api", "ReadCrows.Api\ReadCrows.Usuario.Api.csproj", "{7E9E8189-B50D-425A-B826-42208FE1E979}"
EndProject
Global
	GlobalSection(SolutionConfigurationPlatforms) = preSolution
		Debug|Any CPU = Debug|Any CPU
		Release|Any CPU = Release|Any CPU
	EndGlobalSection
	GlobalSection(ProjectConfigurationPlatforms) = postSolution
		{EC95B66D-D317-44FD-A773-9C3A6CAD84A8}.Debug|Any CPU.ActiveCfg = Debug|Any CPU
		{EC95B66D-D317-44FD-A773-9C3A6CAD84A8}.Debug|Any CPU.Build.0 = Debug|Any CPU
		{EC95B66D-D317-44FD-A773-9C3A6CAD84A8}.Release|Any CPU.ActiveCfg = Release|Any CPU
		{EC95B66D-D317-44FD-A773-9C3A6CAD84A8}.Release|Any CPU.Build.0 = Release|Any CPU
		{0D7C801F-7152-45C4-BEBA-F337A05A02EC}.Debug|Any CPU.ActiveCfg = Debug|Any CPU
		{0D7C801F-7152-45C4-BEBA-F337A05A02EC}.Debug|Any CPU.Build.0 = Debug|Any CPU
		{0D7C801F-7152-45C4-BEBA-F337A05A02EC}.Release|Any CPU.ActiveCfg = Release|Any CPU
		{0D7C801F-7152-45C4-BEBA-F337A05A02EC}.Release|Any CPU.Build.0 = Release|Any CPU
		{7E9E8189-B50D-425A-B826-42208FE1E979}.Debug|Any CPU.ActiveCfg = Debug|Any CPU
		{7E9E8189-B50D-425A-B826-42208FE1E979}.Debug|Any CPU.Build.0 = Debug|Any CPU
		{7E9E8189-B50D-425A-B826-42208FE1E979}.Release|Any CPU.ActiveCfg = Release|Any CPU
		{7E9E8189-B50D-425A-B826-42208FE1E979}.Release|Any CPU.Build.0 = Release|Any CPU
	EndGlobalSection
	GlobalSection(SolutionProperties) = preSolution
		HideSolutionNode = FALSE
	EndGlobalSection
	GlobalSection(ExtensibilityGlobals) = postSolution
		SolutionGuid = {B07643DC-7549-40BF-AA26-25932666F219}
	EndGlobalSection
EndGlobal
